
Microsoft Visual Studio Solution File, Format Version 12.00
# Visual Studio Version 17
VisualStudioVersion = 17.4.33213.308
MinimumVisualStudioVersion = 10.0.40219.1
Project("{FAE04EC0-301F-11D3-BF4B-00C04F79EFBC}") = "Figure", "Figure\Figure.csproj", "{B7C5ACE2-3F0C-4345-8434-8C4BC08A463A}"
EndProject
Global
	GlobalSection(SolutionConfigurationPlatforms) = preSolution
		Debug|Any CPU = Debug|Any CPU
		Release|Any CPU = Release|Any CPU
	EndGlobalSection
	GlobalSection(ProjectConfigurationPlatforms) = postSolution
		{B7C5ACE2-3F0C-4345-8434-8C4BC08A463A}.Debug|Any CPU.ActiveCfg = Debug|Any CPU
		{B7C5ACE2-3F0C-4345-8434-8C4BC08A463A}.Debug|Any CPU.Build.0 = Debug|Any CPU
		{B7C5ACE2-3F0C-4345-8434-8C4BC08A463A}.Release|Any CPU.ActiveCfg = Release|Any CPU
		{B7C5ACE2-3F0C-4345-8434-8C4BC08A463A}.Release|Any CPU.Build.0 = Release|Any CPU
	EndGlobalSection
	GlobalSection(SolutionProperties) = preSolution
		HideSolutionNode = FALSE
	EndGlobalSection
	GlobalSection(ExtensibilityGlobals) = postSolution
		SolutionGuid = {F045653E-7A70-40E0-93F4-8E8826E9B9AA}
	EndGlobalSection
EndGlobal
